
Microsoft Visual Studio Solution File, Format Version 12.00
# Visual Studio Version 17
VisualStudioVersion = 17.4.33213.308
MinimumVisualStudioVersion = 10.0.40219.1
Project("{FAE04EC0-301F-11D3-BF4B-00C04F79EFBC}") = "baiTap1", "baiTap1\baiTap1.csproj", "{EF7B7691-2C96-4B1F-A5D5-BF52A710E8B7}"
EndProject
Global
	GlobalSection(SolutionConfigurationPlatforms) = preSolution
		Debug|Any CPU = Debug|Any CPU
		Release|Any CPU = Release|Any CPU
	EndGlobalSection
	GlobalSection(ProjectConfigurationPlatforms) = postSolution
		{EF7B7691-2C96-4B1F-A5D5-BF52A710E8B7}.Debug|Any CPU.ActiveCfg = Debug|Any CPU
		{EF7B7691-2C96-4B1F-A5D5-BF52A710E8B7}.Debug|Any CPU.Build.0 = Debug|Any CPU
		{EF7B7691-2C96-4B1F-A5D5-BF52A710E8B7}.Release|Any CPU.ActiveCfg = Release|Any CPU
		{EF7B7691-2C96-4B1F-A5D5-BF52A710E8B7}.Release|Any CPU.Build.0 = Release|Any CPU
	EndGlobalSection
	GlobalSection(SolutionProperties) = preSolution
		HideSolutionNode = FALSE
	EndGlobalSection
	GlobalSection(ExtensibilityGlobals) = postSolution
		SolutionGuid = {6C658973-E6FD-4DB1-A6BE-E3489F0FB735}
	EndGlobalSection
EndGlobal
