
Microsoft Visual Studio Solution File, Format Version 12.00
# Visual Studio Version 17
VisualStudioVersion = 17.4.33213.308
MinimumVisualStudioVersion = 10.0.40219.1
Project("{FAE04EC0-301F-11D3-BF4B-00C04F79EFBC}") = "BaiTap1", "BaiTap1\BaiTap1.csproj", "{5FB4FADD-C010-4222-A805-1EE98FEEDAFE}"
EndProject
Global
	GlobalSection(SolutionConfigurationPlatforms) = preSolution
		Debug|Any CPU = Debug|Any CPU
		Release|Any CPU = Release|Any CPU
	EndGlobalSection
	GlobalSection(ProjectConfigurationPlatforms) = postSolution
		{5FB4FADD-C010-4222-A805-1EE98FEEDAFE}.Debug|Any CPU.ActiveCfg = Debug|Any CPU
		{5FB4FADD-C010-4222-A805-1EE98FEEDAFE}.Debug|Any CPU.Build.0 = Debug|Any CPU
		{5FB4FADD-C010-4222-A805-1EE98FEEDAFE}.Release|Any CPU.ActiveCfg = Release|Any CPU
		{5FB4FADD-C010-4222-A805-1EE98FEEDAFE}.Release|Any CPU.Build.0 = Release|Any CPU
	EndGlobalSection
	GlobalSection(SolutionProperties) = preSolution
		HideSolutionNode = FALSE
	EndGlobalSection
	GlobalSection(ExtensibilityGlobals) = postSolution
		SolutionGuid = {04CF7A10-FF09-44D4-9EE4-690A0C64B799}
	EndGlobalSection
EndGlobal
