
Microsoft Visual Studio Solution File, Format Version 12.00
# Visual Studio Version 17
VisualStudioVersion = 17.4.33213.308
MinimumVisualStudioVersion = 10.0.40219.1
Project("{FAE04EC0-301F-11D3-BF4B-00C04F79EFBC}") = "BaiTap1", "BaiTap1\BaiTap1.csproj", "{5629851C-3D8E-40CC-B7A3-8659E96ABBF0}"
EndProject
Global
	GlobalSection(SolutionConfigurationPlatforms) = preSolution
		Debug|Any CPU = Debug|Any CPU
		Release|Any CPU = Release|Any CPU
	EndGlobalSection
	GlobalSection(ProjectConfigurationPlatforms) = postSolution
		{5629851C-3D8E-40CC-B7A3-8659E96ABBF0}.Debug|Any CPU.ActiveCfg = Debug|Any CPU
		{5629851C-3D8E-40CC-B7A3-8659E96ABBF0}.Debug|Any CPU.Build.0 = Debug|Any CPU
		{5629851C-3D8E-40CC-B7A3-8659E96ABBF0}.Release|Any CPU.ActiveCfg = Release|Any CPU
		{5629851C-3D8E-40CC-B7A3-8659E96ABBF0}.Release|Any CPU.Build.0 = Release|Any CPU
	EndGlobalSection
	GlobalSection(SolutionProperties) = preSolution
		HideSolutionNode = FALSE
	EndGlobalSection
	GlobalSection(ExtensibilityGlobals) = postSolution
		SolutionGuid = {1E8419FA-1124-4CCB-99C4-2A90A9DDCC1C}
	EndGlobalSection
EndGlobal
